version = 1
revision = 3
requires-python = ">=3.14"

[[package]]
name = "astral-codec"
version = "0.0.0"
source = { virtual = "." }

[package.dev-dependencies]
dev = [
    { name = "astral-dev-toolchain-cargo-codspeed" },
]

[package.metadata]

[package.metadata.requires-dev]
dev = [{ name = "astral-dev-toolchain-cargo-codspeed", specifier = ">=5.0.1" }]

[[package]]
name = "astral-dev-toolchain-cargo-codspeed"
version = "5.0.1"
source = { registry = "https://pypi.org/simple" }
wheels = [
    { url = "https://files.pythonhosted.org/packages/69/0e/a7d82d3b80efb376676ad9e08b8d5b397fd2993fe436a012d116480edfe0/astral_dev_toolchain_cargo_codspeed-5.0.1-py3-none-macosx_10_12_x86_64.whl", hash = "sha256:dd304fbc053073e6e8e1b68283d36731788908ce49599e7680582cd87864f11b", size = 962023, upload-time = "2026-08-25T22:20:29.839Z" },
    { url = "https://files.pythonhosted.org/packages/18/1c/a972d08a06e2646a3642a398a607608510a1ca8e3fae8c609806d783dbd7/astral_dev_toolchain_cargo_codspeed-5.0.1-py3-none-macosx_11_0_arm64.whl", hash = "sha256:4e04158926ee6c6ff6cdaaa6df46c05d7855e00b5b0c1550a747772cdcdc60c2", size = 941050, upload-time = "2026-08-25T22:20:31.607Z" },
    { url = "https://files.pythonhosted.org/packages/d8/86/e803608dbe08ba83a2361dc21fa4f97c7c6b5e84a478637ddd9269aacb2d/astral_dev_toolchain_cargo_codspeed-5.0.1-py3-none-manylinux_2_17_aarch64.manylinux2014_aarch64.whl", hash = "sha256:6e7196c632bb0103ebbf60a75ab076677ad03038fe92a88cbe27b1eb56e63d2b", size = 871539, upload-time = "2026-08-25T22:20:33.397Z" },
    { url = "https://files.pythonhosted.org/packages/23/11/fb3246e194a1699f2a4493ba9501da8d65d3f49074330cce4244e3ded8c7/astral_dev_toolchain_cargo_codspeed-5.0.1-py3-none-manylinux_2_17_x86_64.manylinux2014_x86_64.whl", hash = "sha256:15e1005b0a7e4eb750172f2d3d7c6ccb3e78e9b55fa4bcd62f54350181dca6a1", size = 922701, upload-time = "2026-08-25T22:20:34.902Z" },
    { url = "https://files.pythonhosted.org/packages/c1/d9/bfb2f45e36c1525f0c9810405f605f39d7c8b4dcf250629b141b89eb89e6/astral_dev_toolchain_cargo_codspeed-5.0.1-py3-none-win_amd64.whl", hash = "sha256:ac995814067402b6604c6d8d9ab76700288f015494c53c4e75da09d5bc2ee5f7", size = 824114, upload-time = "2026-08-25T22:20:36.338Z" },
    { url = "https://files.pythonhosted.org/packages/ce/34/cc139216c71c1bcb67c1623420843646a36748b7ab13d3ae502b5fdbb84d/astral_dev_toolchain_cargo_codspeed-5.0.1-py3-none-win_arm64.whl", hash = "sha256:4bb1b696762454f924a85e0949ab8da1e788124683b644d3b997115d61455700", size = 783231, upload-time = "2026-08-25T22:20:37.889Z" },
]
